
Microsoft Visual Studio Solution File, Format Version 12.00
# Visual Studio Version 17
VisualStudioVersion = 17.3.32901.215
MinimumVisualStudioVersion = 10.0.40219.1
Project("{FAE04EC0-301F-11D3-BF4B-00C04F79EFBC}") = "SerieParaMalharStart.Alongamento", "SerieParaMalharStart.Alongamento\SerieParaMalharStart.Alongamento.csproj", "{5B0973F4-4510-4517-AF24-A00733D575B2}"
EndProject
Project("{FAE04EC0-301F-11D3-BF4B-00C04F79EFBC}") = "SerieParaMalharStart.Algorimo28", "SerieParaMalharStart.Algorimo28\SerieParaMalharStart.Algorimo28.csproj", "{E519D6BE-08A7-427C-AB77-724BB4A7A5F8}"
EndProject
Project("{FAE04EC0-301F-11D3-BF4B-00C04F79EFBC}") = "SerieParaMalharStart.Algorimo29", "SerieParaMalharStart.Algorimo29\SerieParaMalharStart.Algorimo29.csproj", "{1E0D214A-F888-404A-B2B2-EA926E863817}"
EndProject
Project("{FAE04EC0-301F-11D3-BF4B-00C04F79EFBC}") = "SerieParaMalharStart.Algorimo30", "SerieParaMalharStart.Algorimo30\SerieParaMalharStart.Algorimo30.csproj", "{0E8B54D7-A817-4861-9697-047483C87F21}"
EndProject
Project("{FAE04EC0-301F-11D3-BF4B-00C04F79EFBC}") = "SerieParaMalharStart.Algorimo31", "SerieParaMalharStart.Algorimo31\SerieParaMalharStart.Algorimo31.csproj", "{51B365DE-83E0-490D-8417-95EEA6BDCF28}"
EndProject
Project("{FAE04EC0-301F-11D3-BF4B-00C04F79EFBC}") = "SerieParaMalharStart.Algorimo32", "SerieParaMalharStart.Algorimo32\SerieParaMalharStart.Algorimo32.csproj", "{669A0143-F38C-4AC9-982E-E958D886601A}"
EndProject
Project("{FAE04EC0-301F-11D3-BF4B-00C04F79EFBC}") = "SerieParaMalharStart.Algorimo33", "SerieParaMalharStart.Algorimo33\SerieParaMalharStart.Algorimo33.csproj", "{5A33A24A-B035-45CE-BB76-7CE2E6A28F27}"
EndProject
Project("{FAE04EC0-301F-11D3-BF4B-00C04F79EFBC}") = "SerieParaMalharStart.TodosBasicos", "total\SerieParaMalharStart.TodosBasicos.csproj", "{1EEFF772-7B30-40B8-A906-1336E31E912B}"
EndProject
Project("{FAE04EC0-301F-11D3-BF4B-00C04F79EFBC}") = "SerieParaMalharStart.VoeAirlines", "SerieParaMalharStart.VoeAirlines\SerieParaMalharStart.VoeAirlines.csproj", "{91D5E12F-80C4-4A02-96E9-9C46D3957161}"
EndProject
Global
	GlobalSection(SolutionConfigurationPlatforms) = preSolution
		Debug|Any CPU = Debug|Any CPU
		Release|Any CPU = Release|Any CPU
	EndGlobalSection
	GlobalSection(ProjectConfigurationPlatforms) = postSolution
		{5B0973F4-4510-4517-AF24-A00733D575B2}.Debug|Any CPU.ActiveCfg = Debug|Any CPU
		{5B0973F4-4510-4517-AF24-A00733D575B2}.Debug|Any CPU.Build.0 = Debug|Any CPU
		{5B0973F4-4510-4517-AF24-A00733D575B2}.Release|Any CPU.ActiveCfg = Release|Any CPU
		{5B0973F4-4510-4517-AF24-A00733D575B2}.Release|Any CPU.Build.0 = Release|Any CPU
		{E519D6BE-08A7-427C-AB77-724BB4A7A5F8}.Debug|Any CPU.ActiveCfg = Debug|Any CPU
		{E519D6BE-08A7-427C-AB77-724BB4A7A5F8}.Debug|Any CPU.Build.0 = Debug|Any CPU
		{E519D6BE-08A7-427C-AB77-724BB4A7A5F8}.Release|Any CPU.ActiveCfg = Release|Any CPU
		{E519D6BE-08A7-427C-AB77-724BB4A7A5F8}.Release|Any CPU.Build.0 = Release|Any CPU
		{1E0D214A-F888-404A-B2B2-EA926E863817}.Debug|Any CPU.ActiveCfg = Debug|Any CPU
		{1E0D214A-F888-404A-B2B2-EA926E863817}.Debug|Any CPU.Build.0 = Debug|Any CPU
		{1E0D214A-F888-404A-B2B2-EA926E863817}.Release|Any CPU.ActiveCfg = Release|Any CPU
		{1E0D214A-F888-404A-B2B2-EA926E863817}.Release|Any CPU.Build.0 = Release|Any CPU
		{0E8B54D7-A817-4861-9697-047483C87F21}.Debug|Any CPU.ActiveCfg = Debug|Any CPU
		{0E8B54D7-A817-4861-9697-047483C87F21}.Debug|Any CPU.Build.0 = Debug|Any CPU
		{0E8B54D7-A817-4861-9697-047483C87F21}.Release|Any CPU.ActiveCfg = Release|Any CPU
		{0E8B54D7-A817-4861-9697-047483C87F21}.Release|Any CPU.Build.0 = Release|Any CPU
		{51B365DE-83E0-490D-8417-95EEA6BDCF28}.Debug|Any CPU.ActiveCfg = Debug|Any CPU
		{51B365DE-83E0-490D-8417-95EEA6BDCF28}.Debug|Any CPU.Build.0 = Debug|Any CPU
		{51B365DE-83E0-490D-8417-95EEA6BDCF28}.Release|Any CPU.ActiveCfg = Release|Any CPU
		{51B365DE-83E0-490D-8417-95EEA6BDCF28}.Release|Any CPU.Build.0 = Release|Any CPU
		{669A0143-F38C-4AC9-982E-E958D886601A}.Debug|Any CPU.ActiveCfg = Debug|Any CPU
		{669A0143-F38C-4AC9-982E-E958D886601A}.Debug|Any CPU.Build.0 = Debug|Any CPU
		{669A0143-F38C-4AC9-982E-E958D886601A}.Release|Any CPU.ActiveCfg = Release|Any CPU
		{669A0143-F38C-4AC9-982E-E958D886601A}.Release|Any CPU.Build.0 = Release|Any CPU
		{5A33A24A-B035-45CE-BB76-7CE2E6A28F27}.Debug|Any CPU.ActiveCfg = Debug|Any CPU
		{5A33A24A-B035-45CE-BB76-7CE2E6A28F27}.Debug|Any CPU.Build.0 = Debug|Any CPU
		{5A33A24A-B035-45CE-BB76-7CE2E6A28F27}.Release|Any CPU.ActiveCfg = Release|Any CPU
		{5A33A24A-B035-45CE-BB76-7CE2E6A28F27}.Release|Any CPU.Build.0 = Release|Any CPU
		{1EEFF772-7B30-40B8-A906-1336E31E912B}.Debug|Any CPU.ActiveCfg = Debug|Any CPU
		{1EEFF772-7B30-40B8-A906-1336E31E912B}.Debug|Any CPU.Build.0 = Debug|Any CPU
		{1EEFF772-7B30-40B8-A906-1336E31E912B}.Release|Any CPU.ActiveCfg = Release|Any CPU
		{1EEFF772-7B30-40B8-A906-1336E31E912B}.Release|Any CPU.Build.0 = Release|Any CPU
		{91D5E12F-80C4-4A02-96E9-9C46D3957161}.Debug|Any CPU.ActiveCfg = Debug|Any CPU
		{91D5E12F-80C4-4A02-96E9-9C46D3957161}.Debug|Any CPU.Build.0 = Debug|Any CPU
		{91D5E12F-80C4-4A02-96E9-9C46D3957161}.Release|Any CPU.ActiveCfg = Release|Any CPU
		{91D5E12F-80C4-4A02-96E9-9C46D3957161}.Release|Any CPU.Build.0 = Release|Any CPU
	EndGlobalSection
	GlobalSection(SolutionProperties) = preSolution
		HideSolutionNode = FALSE
	EndGlobalSection
	GlobalSection(ExtensibilityGlobals) = postSolution
		SolutionGuid = {8156C463-5D30-4615-8D7D-0E393C65174E}
	EndGlobalSection
EndGlobal
